
Microsoft Visual Studio Solution File, Format Version 12.00
# Visual Studio 15
VisualStudioVersion = 15.0.26228.4
MinimumVisualStudioVersion = 10.0.40219.1
Project("{FAE04EC0-301F-11D3-BF4B-00C04F79EFBC}") = "Moteling.API", "Moteling.API\Moteling.API.csproj", "{15159BBD-045F-482A-95A5-A28B6AC879A5}"
EndProject
Project("{FAE04EC0-301F-11D3-BF4B-00C04F79EFBC}") = "Moteling.DATA", "Moteling.DATA\Moteling.DATA.csproj", "{915426F5-8FB9-4B47-93BB-C0F815EB365F}"
EndProject
Global
	GlobalSection(SolutionConfigurationPlatforms) = preSolution
		Debug|Any CPU = Debug|Any CPU
		Release|Any CPU = Release|Any CPU
	EndGlobalSection
	GlobalSection(ProjectConfigurationPlatforms) = postSolution
		{15159BBD-045F-482A-95A5-A28B6AC879A5}.Debug|Any CPU.ActiveCfg = Debug|Any CPU
		{15159BBD-045F-482A-95A5-A28B6AC879A5}.Debug|Any CPU.Build.0 = Debug|Any CPU
		{15159BBD-045F-482A-95A5-A28B6AC879A5}.Release|Any CPU.ActiveCfg = Release|Any CPU
		{15159BBD-045F-482A-95A5-A28B6AC879A5}.Release|Any CPU.Build.0 = Release|Any CPU
		{915426F5-8FB9-4B47-93BB-C0F815EB365F}.Debug|Any CPU.ActiveCfg = Debug|Any CPU
		{915426F5-8FB9-4B47-93BB-C0F815EB365F}.Debug|Any CPU.Build.0 = Debug|Any CPU
		{915426F5-8FB9-4B47-93BB-C0F815EB365F}.Release|Any CPU.ActiveCfg = Release|Any CPU
		{915426F5-8FB9-4B47-93BB-C0F815EB365F}.Release|Any CPU.Build.0 = Release|Any CPU
	EndGlobalSection
	GlobalSection(SolutionProperties) = preSolution
		HideSolutionNode = FALSE
	EndGlobalSection
EndGlobal
